PODS:
  - SharedAuthDomain (1.0.0)

DEPENDENCIES:
  - SharedAuthDomain (from `../shared/auth-domain`)

EXTERNAL SOURCES:
  SharedAuthDomain:
    :path: "../shared/auth-domain"

SPEC CHECKSUMS:
  SharedAuthDomain: ea807d27f3668fd00ae9add91470efdafb888478

PODFILE CHECKSUM: def2e3e3677ec52c7d1bcccb64a6d8479db77b3c

COCOAPODS: 1.17.0
